
Microsoft Visual Studio Solution File, Format Version 12.00
# Visual Studio Version 17
VisualStudioVersion = 17.0.32112.339
MinimumVisualStudioVersion = 10.0.40219.1
Project("{FAE04EC0-301F-11D3-BF4B-00C04F79EFBC}") = "lab-efektywnosc-algorytmow", "lab-efektywnosc-algorytmow\lab-efektywnosc-algorytmow.csproj", "{41BDC7CA-002B-4219-9D57-3021EA344E5E}"
EndProject
Global
	GlobalSection(SolutionConfigurationPlatforms) = preSolution
		Debug|Any CPU = Debug|Any CPU
		Release|Any CPU = Release|Any CPU
	EndGlobalSection
	GlobalSection(ProjectConfigurationPlatforms) = postSolution
		{41BDC7CA-002B-4219-9D57-3021EA344E5E}.Debug|Any CPU.ActiveCfg = Debug|Any CPU
		{41BDC7CA-002B-4219-9D57-3021EA344E5E}.Debug|Any CPU.Build.0 = Debug|Any CPU
		{41BDC7CA-002B-4219-9D57-3021EA344E5E}.Release|Any CPU.ActiveCfg = Release|Any CPU
		{41BDC7CA-002B-4219-9D57-3021EA344E5E}.Release|Any CPU.Build.0 = Release|Any CPU
	EndGlobalSection
	GlobalSection(SolutionProperties) = preSolution
		HideSolutionNode = FALSE
	EndGlobalSection
	GlobalSection(ExtensibilityGlobals) = postSolution
		SolutionGuid = {BC3D2C11-52EB-4B24-8ACE-0481349AC712}
	EndGlobalSection
EndGlobal
